
Microsoft Visual Studio Solution File, Format Version 12.00
Project("{FAE04EC0-301F-11D3-BF4B-00C04F79EFBC}") = "Drawsome", "Drawsome\Drawsome.csproj", "{C951B9D2-60FE-410F-82AE-99C813384C10}"
EndProject
Project("{FAE04EC0-301F-11D3-BF4B-00C04F79EFBC}") = "Drawsome.Tests", "Drawsome.Tests\Drawsome.Tests.csproj", "{86C28D42-8204-41BB-87AB-81F36B0419A6}"
EndProject
Global
	GlobalSection(SolutionConfigurationPlatforms) = preSolution
		Debug|Any CPU = Debug|Any CPU
		Release|Any CPU = Release|Any CPU
	EndGlobalSection
	GlobalSection(ProjectConfigurationPlatforms) = postSolution
		{C951B9D2-60FE-410F-82AE-99C813384C10}.Debug|Any CPU.ActiveCfg = Debug|Any CPU
		{C951B9D2-60FE-410F-82AE-99C813384C10}.Debug|Any CPU.Build.0 = Debug|Any CPU
		{C951B9D2-60FE-410F-82AE-99C813384C10}.Release|Any CPU.ActiveCfg = Release|Any CPU
		{C951B9D2-60FE-410F-82AE-99C813384C10}.Release|Any CPU.Build.0 = Release|Any CPU
		{86C28D42-8204-41BB-87AB-81F36B0419A6}.Debug|Any CPU.ActiveCfg = Debug|Any CPU
		{86C28D42-8204-41BB-87AB-81F36B0419A6}.Debug|Any CPU.Build.0 = Debug|Any CPU
		{86C28D42-8204-41BB-87AB-81F36B0419A6}.Release|Any CPU.ActiveCfg = Release|Any CPU
		{86C28D42-8204-41BB-87AB-81F36B0419A6}.Release|Any CPU.Build.0 = Release|Any CPU
	EndGlobalSection
EndGlobal
